# This file is automatically @generated by Cargo.
# It is not intended for manual editing.
version = 4

[[package]]
name = "lc_add_two_numbers"
version = "0.1.0"

[[package]]
name = "lc_divide_an_array_into_subarrays_with_minimum_cost_i"
version = "0.1.0"

[[package]]
name = "lc_find_most_frequent_vowel_and_consonant"
version = "0.1.0"

[[package]]
name = "lc_minimum_number_of_people_to_teach"
version = "0.1.0"

[[package]]
name = "lc_minimum_removals_to_balance_array"
version = "0.1.0"

[[package]]
name = "lc_two_sum"
version = "0.1.0"
